
Microsoft Visual Studio Solution File, Format Version 12.00
# Visual Studio Version 17
VisualStudioVersion = 17.11.35222.181
MinimumVisualStudioVersion = 10.0.40219.1
Project("{FAE04EC0-301F-11D3-BF4B-00C04F79EFBC}") = "SimplePlanner", "SimplePlanner\SimplePlanner.csproj", "{0AD08258-8DEA-47B7-B7A6-919EF5B68CB3}"
EndProject
Global
	GlobalSection(SolutionConfigurationPlatforms) = preSolution
		Debug|Any CPU = Debug|Any CPU
		Release|Any CPU = Release|Any CPU
	EndGlobalSection
	GlobalSection(ProjectConfigurationPlatforms) = postSolution
		{0AD08258-8DEA-47B7-B7A6-919EF5B68CB3}.Debug|Any CPU.ActiveCfg = Debug|Any CPU
		{0AD08258-8DEA-47B7-B7A6-919EF5B68CB3}.Debug|Any CPU.Build.0 = Debug|Any CPU
		{0AD08258-8DEA-47B7-B7A6-919EF5B68CB3}.Debug|Any CPU.Deploy.0 = Debug|Any CPU
		{0AD08258-8DEA-47B7-B7A6-919EF5B68CB3}.Release|Any CPU.ActiveCfg = Release|Any CPU
		{0AD08258-8DEA-47B7-B7A6-919EF5B68CB3}.Release|Any CPU.Build.0 = Release|Any CPU
		{0AD08258-8DEA-47B7-B7A6-919EF5B68CB3}.Release|Any CPU.Deploy.0 = Release|Any CPU
	EndGlobalSection
	GlobalSection(SolutionProperties) = preSolution
		HideSolutionNode = FALSE
	EndGlobalSection
	GlobalSection(ExtensibilityGlobals) = postSolution
		SolutionGuid = {0CE65045-86FA-4AD5-9086-9B5DE0FA7415}
	EndGlobalSection
EndGlobal
